// !$*UTF8*$!
{
	archiveVersion = 1;
	classes = {
	};
	objectVersion = 46;
	objects = {

/* Begin PBXBuildFile section */
		8B52185B1878A6DB00BCE0DB /* Foundation.framework in Frameworks */ = {isa = PBXBuildFile; fileRef = 8B52185A1878A6DB00BCE0DB /* Foundation.framework */; };
		8B52185D1878A6DB00BCE0DB /* CoreGraphics.framework in Frameworks */ = {isa = PBXBuildFile; fileRef = 8B52185C1878A6DB00BCE0DB /* CoreGraphics.framework */; };
		8B52185F1878A6DB00BCE0DB /* UIKit.framework in Frameworks */ = {isa = PBXBuildFile; fileRef = 8B52185E1878A6DB00BCE0DB /* UIKit.framework */; };
		8B5218651878A6DB00BCE0DB /* InfoPlist.strings in Resources */ = {isa = PBXBuildFile; fileRef = 8B5218631878A6DB00BCE0DB /* InfoPlist.strings */; };
		8B5218671878A6DB00BCE0DB /* main.m in Sources */ = {isa = PBXBuildFile; fileRef = 8B5218661878A6DB00BCE0DB /* main.m */; };
		8B52186B1878A6DB00BCE0DB /* AppDelegate.m in Sources */ = {isa = PBXBuildFile; fileRef = 8B52186A1878A6DB00BCE0DB /* AppDelegate.m */; };
		8B52186E1878A6DB00BCE0DB /* Main.storyboard in Resources */ = {isa = PBXBuildFile; fileRef = 8B52186C1878A6DB00BCE0DB /* Main.storyboard */; };
		8B5218711878A6DB00BCE0DB /* TypeSelectionViewController.m in Sources */ = {isa = PBXBuildFile; fileRef = 8B5218701878A6DB00BCE0DB /* TypeSelectionViewController.m */; };
		8B5218731878A6DB00BCE0DB /* Images.xcassets in Resources */ = {isa = PBXBuildFile; fileRef = 8B5218721878A6DB00BCE0DB /* Images.xcassets */; };
		8B52187A1878A6DB00BCE0DB /* XCTest.framework in Frameworks */ = {isa = PBXBuildFile; fileRef = 8B5218791878A6DB00BCE0DB /* XCTest.framework */; };
		8B52187B1878A6DB00BCE0DB /* Foundation.framework in Frameworks */ = {isa = PBXBuildFile; fileRef = 8B52185A1878A6DB00BCE0DB /* Foundation.framework */; };
		8B52187C1878A6DB00BCE0DB /* UIKit.framework in Frameworks */ = {isa = PBXBuildFile; fileRef = 8B52185E1878A6DB00BCE0DB /* UIKit.framework */; };
		8B5218841878A6DB00BCE0DB /* InfoPlist.strings in Resources */ = {isa = PBXBuildFile; fileRef = 8B5218821878A6DB00BCE0DB /* InfoPlist.strings */; };
		8B5218861878A6DB00BCE0DB /* Team_Builder_for_iPhoneTests.m in Sources */ = {isa = PBXBuildFile; fileRef = 8B5218851878A6DB00BCE0DB /* Team_Builder_for_iPhoneTests.m */; };
		8B6903801878AE9B00CA3B7B /* PlayersViewController.m in Sources */ = {isa = PBXBuildFile; fileRef = 8B69037F1878AE9B00CA3B7B /* PlayersViewController.m */; };
		8B6903831878B88900CA3B7B /* Player.m in Sources */ = {isa = PBXBuildFile; fileRef = 8B6903821878B88900CA3B7B /* Player.m */; };
		8B690386187B3FCC00CA3B7B /* ResultViewController.m in Sources */ = {isa = PBXBuildFile; fileRef = 8B690385187B3FCC00CA3B7B /* ResultViewController.m */; };
/* End PBXBuildFile section */

/* Begin PBXContainerItemProxy section */
		8B52187D1878A6DB00BCE0DB /* PBXContainerItemProxy */ = {
			isa = PBXContainerItemProxy;
			containerPortal = 8B52184F1878A6DB00BCE0DB /* Project object */;
			proxyType = 1;
			remoteGlobalIDString = 8B5218561878A6DB00BCE0DB;
			remoteInfo = "Team Builder for iPhone";
		};
/* End PBXContainerItemProxy section */

/* Begin PBXFileReference section */
		8B5218571878A6DB00BCE0DB /* Team Builder for iPhone.app */ = {isa = PBXFileReference; explicitFileType = wrapper.application; includeInIndex = 0; path = "Team Builder for iPhone.app"; sourceTree = BUILT_PRODUCTS_DIR; };
		8B52185A1878A6DB00BCE0DB /* Foundation.framework */ = {isa = PBXFileReference; lastKnownFileType = wrapper.framework; name = Foundation.framework; path = System/Library/Frameworks/Foundation.framework; sourceTree = SDKROOT; };
		8B52185C1878A6DB00BCE0DB /* CoreGraphics.framework */ = {isa = PBXFileReference; lastKnownFileType = wrapper.framework; name = CoreGraphics.framework; path = System/Library/Frameworks/CoreGraphics.framework; sourceTree = SDKROOT; };
		8B52185E1878A6DB00BCE0DB /* UIKit.framework */ = {isa = PBXFileReference; lastKnownFileType = wrapper.framework; name = UIKit.framework; path = System/Library/Frameworks/UIKit.framework; sourceTree = SDKROOT; };
		8B5218621878A6DB00BCE0DB /* Team Builder for iPhone-Info.plist */ = {isa = PBXFileReference; lastKnownFileType = text.plist.xml; path = "Team Builder for iPhone-Info.plist"; sourceTree = "<group>"; };
		8B5218641878A6DB00BCE0DB /* en */ = {isa = PBXFileReference; lastKnownFileType = text.plist.strings; name = en; path = en.lproj/InfoPlist.strings; sourceTree = "<group>"; };
		8B5218661878A6DB00BCE0DB /* main.m */ = {isa = PBXFileReference; lastKnownFileType = sourcecode.c.objc; path = main.m; sourceTree = "<group>"; };
		8B5218681878A6DB00BCE0DB /* Team Builder for iPhone-Prefix.pch */ = {isa = PBXFileReference; lastKnownFileType = sourcecode.c.h; path = "Team Builder for iPhone-Prefix.pch"; sourceTree = "<group>"; };
		8B5218691878A6DB00BCE0DB /* AppDelegate.h */ = {isa = PBXFileReference; lastKnownFileType = sourcecode.c.h; path = AppDelegate.h; sourceTree = "<group>"; };
		8B52186A1878A6DB00BCE0DB /* AppDelegate.m */ = {isa = PBXFileReference; lastKnownFileType = sourcecode.c.objc; path = AppDelegate.m; sourceTree = "<group>"; };
		8B52186D1878A6DB00BCE0DB /* Base */ = {isa = PBXFileReference; lastKnownFileType = file.storyboard; name = Base; path = Base.lproj/Main.storyboard; sourceTree = "<group>"; };
		8B52186F1878A6DB00BCE0DB /* TypeSelectionViewController.h */ = {isa = PBXFileReference; lastKnownFileType = sourcecode.c.h; path = TypeSelectionViewController.h; sourceTree = "<group>"; };
		8B5218701878A6DB00BCE0DB /* TypeSelectionViewController.m */ = {isa = PBXFileReference; lastKnownFileType = sourcecode.c.objc; path = TypeSelectionViewController.m; sourceTree = "<group>"; };
		8B5218721878A6DB00BCE0DB /* Images.xcassets */ = {isa = PBXFileReference; lastKnownFileType = folder.assetcatalog; path = Images.xcassets; sourceTree = "<group>"; };
		8B5218781878A6DB00BCE0DB /* Team Builder for iPhoneTests.xctest */ = {isa = PBXFileReference; explicitFileType = wrapper.cfbundle; includeInIndex = 0; path = "Team Builder for iPhoneTests.xctest"; sourceTree = BUILT_PRODUCTS_DIR; };
		8B5218791878A6DB00BCE0DB /* XCTest.framework */ = {isa = PBXFileReference; lastKnownFileType = wrapper.framework; name = XCTest.framework; path = Library/Frameworks/XCTest.framework; sourceTree = DEVELOPER_DIR; };
		8B5218811878A6DB00BCE0DB /* Team Builder for iPhoneTests-Info.plist */ = {isa = PBXFileReference; lastKnownFileType = text.plist.xml; path = "Team Builder for iPhoneTests-Info.plist"; sourceTree = "<group>"; };
		8B5218831878A6DB00BCE0DB /* en */ = {isa = PBXFileReference; lastKnownFileType = text.plist.strings; name = en; path = en.lproj/InfoPlist.strings; sourceTree = "<group>"; };
		8B5218851878A6DB00BCE0DB /* Team_Builder_for_iPhoneTests.m */ = {isa = PBXFileReference; lastKnownFileType = sourcecode.c.objc; path = Team_Builder_for_iPhoneTests.m; sourceTree = "<group>"; };
		8B69037E1878AE9B00CA3B7B /* PlayersViewController.h */ = {isa = PBXFileReference; fileEncoding = 4; lastKnownFileType = sourcecode.c.h; path = PlayersViewController.h; sourceTree = "<group>"; };
		8B69037F1878AE9B00CA3B7B /* PlayersViewController.m */ = {isa = PBXFileReference; fileEncoding = 4; lastKnownFileType = sourcecode.c.objc; path = PlayersViewController.m; sourceTree = "<group>"; };
		8B6903811878B88900CA3B7B /* Player.h */ = {isa = PBXFileReference; fileEncoding = 4; lastKnownFileType = sourcecode.c.h; path = Player.h; sourceTree = "<group>"; };
		8B6903821878B88900CA3B7B /* Player.m */ = {isa = PBXFileReference; fileEncoding = 4; lastKnownFileType = sourcecode.c.objc; path = Player.m; sourceTree = "<group>"; };
		8B690384187B3FCC00CA3B7B /* ResultViewController.h */ = {isa = PBXFileReference; fileEncoding = 4; lastKnownFileType = sourcecode.c.h; path = ResultViewController.h; sourceTree = "<group>"; };
		8B690385187B3FCC00CA3B7B /* ResultViewController.m */ = {isa = PBXFileReference; fileEncoding = 4; lastKnownFileType = sourcecode.c.objc; path = ResultViewController.m; sourceTree = "<group>"; };
/* End PBXFileReference section */

/* Begin PBXFrameworksBuildPhase section */
		8B5218541878A6DB00BCE0DB /* Frameworks */ = {
			isa = PBXFrameworksBuildPhase;
			buildActionMask = 2147483647;
			files = (
				8B52185D1878A6DB00BCE0DB /* CoreGraphics.framework in Frameworks */,
				8B52185F1878A6DB00BCE0DB /* UIKit.framework in Frameworks */,
				8B52185B1878A6DB00BCE0DB /* Foundation.framework in Frameworks */,
			);
			runOnlyForDeploymentPostprocessing = 0;
		};
		8B5218751878A6DB00BCE0DB /* Frameworks */ = {
			isa = PBXFrameworksBuildPhase;
			buildActionMask = 2147483647;
			files = (
				8B52187A1878A6DB00BCE0DB /* XCTest.framework in Frameworks */,
				8B52187C1878A6DB00BCE0DB /* UIKit.framework in Frameworks */,
				8B52187B1878A6DB00BCE0DB /* Foundation.framework in Frameworks */,
			);
			runOnlyForDeploymentPostprocessing = 0;
		};
/* End PBXFrameworksBuildPhase section */

/* Begin PBXGroup section */
		8B52184E1878A6DB00BCE0DB = {
			isa = PBXGroup;
			children = (
				8B5218601878A6DB00BCE0DB /* Team Builder for iPhone */,
				8B52187F1878A6DB00BCE0DB /* Team Builder for iPhoneTests */,
				8B5218591878A6DB00BCE0DB /* Frameworks */,
				8B5218581878A6DB00BCE0DB /* Products */,
			);
			sourceTree = "<group>";
		};
		8B5218581878A6DB00BCE0DB /* Products */ = {
			isa = PBXGroup;
			children = (
				8B5218571878A6DB00BCE0DB /* Team Builder for iPhone.app */,
				8B5218781878A6DB00BCE0DB /* Team Builder for iPhoneTests.xctest */,
			);
			name = Products;
			sourceTree = "<group>";
		};
		8B5218591878A6DB00BCE0DB /* Frameworks */ = {
			isa = PBXGroup;
			children = (
				8B52185A1878A6DB00BCE0DB /* Foundation.framework */,
				8B52185C1878A6DB00BCE0DB /* CoreGraphics.framework */,
				8B52185E1878A6DB00BCE0DB /* UIKit.framework */,
				8B5218791878A6DB00BCE0DB /* XCTest.framework */,
			);
			name = Frameworks;
			sourceTree = "<group>";
		};
		8B5218601878A6DB00BCE0DB /* Team Builder for iPhone */ = {
			isa = PBXGroup;
			children = (
				8B5218691878A6DB00BCE0DB /* AppDelegate.h */,
				8B52186A1878A6DB00BCE0DB /* AppDelegate.m */,
				8B52186C1878A6DB00BCE0DB /* Main.storyboard */,
				8B52186F1878A6DB00BCE0DB /* TypeSelectionViewController.h */,
				8B5218701878A6DB00BCE0DB /* TypeSelectionViewController.m */,
				8B69037E1878AE9B00CA3B7B /* PlayersViewController.h */,
				8B69037F1878AE9B00CA3B7B /* PlayersViewController.m */,
				8B690384187B3FCC00CA3B7B /* ResultViewController.h */,
				8B690385187B3FCC00CA3B7B /* ResultViewController.m */,
				8B6903811878B88900CA3B7B /* Player.h */,
				8B6903821878B88900CA3B7B /* Player.m */,
				8B5218721878A6DB00BCE0DB /* Images.xcassets */,
				8B5218611878A6DB00BCE0DB /* Supporting Files */,
			);
			path = "Team Builder for iPhone";
			sourceTree = "<group>";
		};
		8B5218611878A6DB00BCE0DB /* Supporting Files */ = {
			isa = PBXGroup;
			children = (
				8B5218621878A6DB00BCE0DB /* Team Builder for iPhone-Info.plist */,
				8B5218631878A6DB00BCE0DB /* InfoPlist.strings */,
				8B5218661878A6DB00BCE0DB /* main.m */,
				8B5218681878A6DB00BCE0DB /* Team Builder for iPhone-Prefix.pch */,
			);
			name = "Supporting Files";
			sourceTree = "<group>";
		};
		8B52187F1878A6DB00BCE0DB /* Team Builder for iPhoneTests */ = {
			isa = PBXGroup;
			children = (
				8B5218851878A6DB00BCE0DB /* Team_Builder_for_iPhoneTests.m */,
				8B5218801878A6DB00BCE0DB /* Supporting Files */,
			);
			path = "Team Builder for iPhoneTests";
			sourceTree = "<group>";
		};
		8B5218801878A6DB00BCE0DB /* Supporting Files */ = {
			isa = PBXGroup;
			children = (
				8B5218811878A6DB00BCE0DB /* Team Builder for iPhoneTests-Info.plist */,
				8B5218821878A6DB00BCE0DB /* InfoPlist.strings */,
			);
			name = "Supporting Files";
			sourceTree = "<group>";
		};
/* End PBXGroup section */

/* Begin PBXNativeTarget section */
		8B5218561878A6DB00BCE0DB /* Team Builder for iPhone */ = {
			isa = PBXNativeTarget;
			buildConfigurationList = 8B5218891878A6DB00BCE0DB /* Build configuration list for PBXNativeTarget "Team Builder for iPhone" */;
			buildPhases = (
				8B5218531878A6DB00BCE0DB /* Sources */,
				8B5218541878A6DB00BCE0DB /* Frameworks */,
				8B5218551878A6DB00BCE0DB /* Resources */,
			);
			buildRules = (
			);
			dependencies = (
			);
			name = "Team Builder for iPhone";
			productName = "Team Builder for iPhone";
			productReference = 8B5218571878A6DB00BCE0DB /* Team Builder for iPhone.app */;
			productType = "com.apple.product-type.application";
		};
		8B5218771878A6DB00BCE0DB /* Team Builder for iPhoneTests */ = {
			isa = PBXNativeTarget;
			buildConfigurationList = 8B52188C1878A6DB00BCE0DB /* Build configuration list for PBXNativeTarget "Team Builder for iPhoneTests" */;
			buildPhases = (
				8B5218741878A6DB00BCE0DB /* Sources */,
				8B5218751878A6DB00BCE0DB /* Frameworks */,
				8B5218761878A6DB00BCE0DB /* Resources */,
			);
			buildRules = (
			);
			dependencies = (
				8B52187E1878A6DB00BCE0DB /* PBXTargetDependency */,
			);
			name = "Team Builder for iPhoneTests";
			productName = "Team Builder for iPhoneTests";
			productReference = 8B5218781878A6DB00BCE0DB /* Team Builder for iPhoneTests.xctest */;
			productType = "com.apple.product-type.bundle.unit-test";
		};
/* End PBXNativeTarget section */

/* Begin PBXProject section */
		8B52184F1878A6DB00BCE0DB /* Project object */ = {
			isa = PBXProject;
			attributes = {
				LastUpgradeCheck = 0500;
				ORGANIZATIONNAME = "Jwit Apps";
				TargetAttributes = {
					8B5218771878A6DB00BCE0DB = {
						TestTargetID = 8B5218561878A6DB00BCE0DB;
					};
				};
			};
			buildConfigurationList = 8B5218521878A6DB00BCE0DB /* Build configuration list for PBXProject "Team Builder for iPhone" */;
			compatibilityVersion = "Xcode 3.2";
			developmentRegion = English;
			hasScannedForEncodings = 0;
			knownRegions = (
				en,
				Base,
			);
			mainGroup = 8B52184E1878A6DB00BCE0DB;
			productRefGroup = 8B5218581878A6DB00BCE0DB /* Products */;
			projectDirPath = "";
			projectRoot = "";
			targets = (
				8B5218561878A6DB00BCE0DB /* Team Builder for iPhone */,
				8B5218771878A6DB00BCE0DB /* Team Builder for iPhoneTests */,
			);
		};
/* End PBXProject section */

/* Begin PBXResourcesBuildPhase section */
		8B5218551878A6DB00BCE0DB /* Resources */ = {
			isa = PBXResourcesBuildPhase;
			buildActionMask = 2147483647;
			files = (
				8B5218731878A6DB00BCE0DB /* Images.xcassets in Resources */,
				8B5218651878A6DB00BCE0DB /* InfoPlist.strings in Resources */,
				8B52186E1878A6DB00BCE0DB /* Main.storyboard in Resources */,
			);
			runOnlyForDeploymentPostprocessing = 0;
		};
		8B5218761878A6DB00BCE0DB /* Resources */ = {
			isa = PBXResourcesBuildPhase;
			buildActionMask = 2147483647;
			files = (
				8B5218841878A6DB00BCE0DB /* InfoPlist.strings in Resources */,
			);
			runOnlyForDeploymentPostprocessing = 0;
		};
/* End PBXResourcesBuildPhase section */

/* Begin PBXSourcesBuildPhase section */
		8B5218531878A6DB00BCE0DB /* Sources */ = {
			isa = PBXSourcesBuildPhase;
			buildActionMask = 2147483647;
			files = (
				8B5218711878A6DB00BCE0DB /* TypeSelectionViewController.m in Sources */,
				8B6903801878AE9B00CA3B7B /* PlayersViewController.m in Sources */,
				8B52186B1878A6DB00BCE0DB /* AppDelegate.m in Sources */,
				8B5218671878A6DB00BCE0DB /* main.m in Sources */,
				8B6903831878B88900CA3B7B /* Player.m in Sources */,
				8B690386187B3FCC00CA3B7B /* ResultViewController.m in Sources */,
			);
			runOnlyForDeploymentPostprocessing = 0;
		};
		8B5218741878A6DB00BCE0DB /* Sources */ = {
			isa = PBXSourcesBuildPhase;
			buildActionMask = 2147483647;
			files = (
				8B5218861878A6DB00BCE0DB /* Team_Builder_for_iPhoneTests.m in Sources */,
			);
			runOnlyForDeploymentPostprocessing = 0;
		};
/* End PBXSourcesBuildPhase section */

/* Begin PBXTargetDependency section */
		8B52187E1878A6DB00BCE0DB /* PBXTargetDependency */ = {
			isa = PBXTargetDependency;
			target = 8B5218561878A6DB00BCE0DB /* Team Builder for iPhone */;
			targetProxy = 8B52187D1878A6DB00BCE0DB /* PBXContainerItemProxy */;
		};
/* End PBXTargetDependency section */

/* Begin PBXVariantGroup section */
		8B5218631878A6DB00BCE0DB /* InfoPlist.strings */ = {
			isa = PBXVariantGroup;
			children = (
				8B5218641878A6DB00BCE0DB /* en */,
			);
			name = InfoPlist.strings;
			sourceTree = "<group>";
		};
		8B52186C1878A6DB00BCE0DB /* Main.storyboard */ = {
			isa = PBXVariantGroup;
			children = (
				8B52186D1878A6DB00BCE0DB /* Base */,
			);
			name = Main.storyboard;
			sourceTree = "<group>";
		};
		8B5218821878A6DB00BCE0DB /* InfoPlist.strings */ = {
			isa = PBXVariantGroup;
			children = (
				8B5218831878A6DB00BCE0DB /* en */,
			);
			name = InfoPlist.strings;
			sourceTree = "<group>";
		};
/* End PBXVariantGroup section */

/* Begin XCBuildConfiguration section */
		8B5218871878A6DB00BCE0DB /* Debug */ = {
			isa = XCBuildConfiguration;
			buildSettings = {
				ALWAYS_SEARCH_USER_PATHS = NO;
				ARCHS = "$(ARCHS_STANDARD_INCLUDING_64_BIT)";
				CLANG_CXX_LANGUAGE_STANDARD = "gnu++0x";
				CLANG_CXX_LIBRARY = "libc++";
				CLANG_ENABLE_MODULES = YES;
				CLANG_ENABLE_OBJC_ARC = YES;
				CLANG_WARN_BOOL_CONVERSION = YES;
				CLANG_WARN_CONSTANT_CONVERSION = YES;
				CLANG_WARN_DIRECT_OBJC_ISA_USAGE = YES_ERROR;
				CLANG_WARN_EMPTY_BODY = YES;
				CLANG_WARN_ENUM_CONVERSION = YES;
				CLANG_WARN_INT_CONVERSION = YES;
				CLANG_WARN_OBJC_ROOT_CLASS = YES_ERROR;
				CLANG_WARN__DUPLICATE_METHOD_MATCH = YES;
				"CODE_SIGN_IDENTITY[sdk=iphoneos*]" = "iPhone Developer";
				COPY_PHASE_STRIP = NO;
				GCC_C_LANGUAGE_STANDARD = gnu99;
				GCC_DYNAMIC_NO_PIC = NO;
				GCC_OPTIMIZATION_LEVEL = 0;
				GCC_PREPROCESSOR_DEFINITIONS = (
					"DEBUG=1",
					"$(inherited)",
				);
				GCC_SYMBOLS_PRIVATE_EXTERN = NO;
				GCC_WARN_64_TO_32_BIT_CONVERSION = YES;
				GCC_WARN_ABOUT_RETURN_TYPE = YES_ERROR;
				GCC_WARN_UNDECLARED_SELECTOR = YES;
				GCC_WARN_UNINITIALIZED_AUTOS = YES;
				GCC_WARN_UNUSED_FUNCTION = YES;
				GCC_WARN_UNUSED_VARIABLE = YES;
				IPHONEOS_DEPLOYMENT_TARGET = 7.0;
				ONLY_ACTIVE_ARCH = YES;
				SDKROOT = iphoneos;
			};
			name = Debug;
		};
		8B5218881878A6DB00BCE0DB /* Release */ = {
			isa = XCBuildConfiguration;
			buildSettings = {
				ALWAYS_SEARCH_USER_PATHS = NO;
				ARCHS = "$(ARCHS_STANDARD_INCLUDING_64_BIT)";
				CLANG_CXX_LANGUAGE_STANDARD = "gnu++0x";
				CLANG_CXX_LIBRARY = "libc++";
				CLANG_ENABLE_MODULES = YES;
				CLANG_ENABLE_OBJC_ARC = YES;
				CLANG_WARN_BOOL_CONVERSION = YES;
				CLANG_WARN_CONSTANT_CONVERSION = YES;
				CLANG_WARN_DIRECT_OBJC_ISA_USAGE = YES_ERROR;
				CLANG_WARN_EMPTY_BODY = YES;
				CLANG_WARN_ENUM_CONVERSION = YES;
				CLANG_WARN_INT_CONVERSION = YES;
				CLANG_WARN_OBJC_ROOT_CLASS = YES_ERROR;
				CLANG_WARN__DUPLICATE_METHOD_MATCH = YES;
				"CODE_SIGN_IDENTITY[sdk=iphoneos*]" = "iPhone Developer";
				COPY_PHASE_STRIP = YES;
				ENABLE_NS_ASSERTIONS = NO;
				GCC_C_LANGUAGE_STANDARD = gnu99;
				GCC_WARN_64_TO_32_BIT_CONVERSION = YES;
				GCC_WARN_ABOUT_RETURN_TYPE = YES_ERROR;
				GCC_WARN_UNDECLARED_SELECTOR = YES;
				GCC_WARN_UNINITIALIZED_AUTOS = YES;
				GCC_WARN_UNUSED_FUNCTION = YES;
				GCC_WARN_UNUSED_VARIABLE = YES;
				IPHONEOS_DEPLOYMENT_TARGET = 7.0;
				SDKROOT = iphoneos;
				VALIDATE_PRODUCT = YES;
			};
			name = Release;
		};
		8B52188A1878A6DB00BCE0DB /* Debug */ = {
			isa = XCBuildConfiguration;
			buildSettings = {
				ASSETCATALOG_COMPILER_APPICON_NAME = AppIcon;
				ASSETCATALOG_COMPILER_LAUNCHIMAGE_NAME = LaunchImage;
				GCC_PRECOMPILE_PREFIX_HEADER = YES;
				GCC_PREFIX_HEADER = "Team Builder for iPhone/Team Builder for iPhone-Prefix.pch";
				INFOPLIST_FILE = "Team Builder for iPhone/Team Builder for iPhone-Info.plist";
				PRODUCT_NAME = "$(TARGET_NAME)";
				WRAPPER_EXTENSION = app;
			};
			name = Debug;
		};
		8B52188B1878A6DB00BCE0DB /* Release */ = {
			isa = XCBuildConfiguration;
			buildSettings = {
				ASSETCATALOG_COMPILER_APPICON_NAME = AppIcon;
				ASSETCATALOG_COMPILER_LAUNCHIMAGE_NAME = LaunchImage;
				GCC_PRECOMPILE_PREFIX_HEADER = YES;
				GCC_PREFIX_HEADER = "Team Builder for iPhone/Team Builder for iPhone-Prefix.pch";
				INFOPLIST_FILE = "Team Builder for iPhone/Team Builder for iPhone-Info.plist";
				PRODUCT_NAME = "$(TARGET_NAME)";
				WRAPPER_EXTENSION = app;
			};
			name = Release;
		};
		8B52188D1878A6DB00BCE0DB /* Debug */ = {
			isa = XCBuildConfiguration;
			buildSettings = {
				ARCHS = "$(ARCHS_STANDARD_INCLUDING_64_BIT)";
				BUNDLE_LOADER = "$(BUILT_PRODUCTS_DIR)/Team Builder for iPhone.app/Team Builder for iPhone";
				FRAMEWORK_SEARCH_PATHS = (
					"$(SDKROOT)/Developer/Library/Frameworks",
					"$(inherited)",
					"$(DEVELOPER_FRAMEWORKS_DIR)",
				);
				GCC_PRECOMPILE_PREFIX_HEADER = YES;
				GCC_PREFIX_HEADER = "Team Builder for iPhone/Team Builder for iPhone-Prefix.pch";
				GCC_PREPROCESSOR_DEFINITIONS = (
					"DEBUG=1",
					"$(inherited)",
				);
				INFOPLIST_FILE = "Team Builder for iPhoneTests/Team Builder for iPhoneTests-Info.plist";
				PRODUCT_NAME = "$(TARGET_NAME)";
				TEST_HOST = "$(BUNDLE_LOADER)";
				WRAPPER_EXTENSION = xctest;
			};
			name = Debug;
		};
		8B52188E1878A6DB00BCE0DB /* Release */ = {
			isa = XCBuildConfiguration;
			buildSettings = {
				ARCHS = "$(ARCHS_STANDARD_INCLUDING_64_BIT)";
				BUNDLE_LOADER = "$(BUILT_PRODUCTS_DIR)/Team Builder for iPhone.app/Team Builder for iPhone";
				FRAMEWORK_SEARCH_PATHS = (
					"$(SDKROOT)/Developer/Library/Frameworks",
					"$(inherited)",
					"$(DEVELOPER_FRAMEWORKS_DIR)",
				);
				GCC_PRECOMPILE_PREFIX_HEADER = YES;
				GCC_PREFIX_HEADER = "Team Builder for iPhone/Team Builder for iPhone-Prefix.pch";
				INFOPLIST_FILE = "Team Builder for iPhoneTests/Team Builder for iPhoneTests-Info.plist";
				PRODUCT_NAME = "$(TARGET_NAME)";
				TEST_HOST = "$(BUNDLE_LOADER)";
				WRAPPER_EXTENSION = xctest;
			};
			name = Release;
		};
/* End XCBuildConfiguration section */

/* Begin XCConfigurationList section */
		8B5218521878A6DB00BCE0DB /* Build configuration list for PBXProject "Team Builder for iPhone" */ = {
			isa = XCConfigurationList;
			buildConfigurations = (
				8B5218871878A6DB00BCE0DB /* Debug */,
				8B5218881878A6DB00BCE0DB /* Release */,
			);
			defaultConfigurationIsVisible = 0;
			defaultConfigurationName = Release;
		};
		8B5218891878A6DB00BCE0DB /* Build configuration list for PBXNativeTarget "Team Builder for iPhone" */ = {
			isa = XCConfigurationList;
			buildConfigurations = (
				8B52188A1878A6DB00BCE0DB /* Debug */,
				8B52188B1878A6DB00BCE0DB /* Release */,
			);
			defaultConfigurationIsVisible = 0;
			defaultConfigurationName = Release;
		};
		8B52188C1878A6DB00BCE0DB /* Build configuration list for PBXNativeTarget "Team Builder for iPhoneTests" */ = {
			isa = XCConfigurationList;
			buildConfigurations = (
				8B52188D1878A6DB00BCE0DB /* Debug */,
				8B52188E1878A6DB00BCE0DB /* Release */,
			);
			defaultConfigurationIsVisible = 0;
			defaultConfigurationName = Release;
		};
/* End XCConfigurationList section */
	};
	rootObject = 8B52184F1878A6DB00BCE0DB /* Project object */;
}
